{
  "name": "SdpDownload",
  "version": "2.0.0",
  "lockfileVersion": 2,
  "requires": true,
  "packages": {
    "": {
      "name": "SdpDownload",
      "version": "2.0.0",
      "license": "MIT",
      "dependencies": {
        "@turf/helpers": "^6.5.0",
        "@turf/intersect": "^6.5.0"
      }
    },
    "node_modules/@turf/helpers": {
      "version": "6.5.0",
      "resolved": "https://registry.npmjs.org/@turf/helpers/-/helpers-6.5.0.tgz",
      "integrity": "sha512-VbI1dV5bLFzohYYdgqwikdMVpe7pJ9X3E+dlr425wa2/sMJqYDhTO++ec38/pcPvPE6oD9WEEeU3Xu3gza+VPw==",
      "funding": {
        "url": "https://opencollective.com/turf"
      }
    },
    "node_modules/@turf/intersect": {
      "version": "6.5.0",
      "resolved": "https://registry.npmjs.org/@turf/intersect/-/intersect-6.5.0.tgz",
      "integrity": "sha512-2legGJeKrfFkzntcd4GouPugoqPUjexPZnOvfez+3SfIMrHvulw8qV8u7pfVyn2Yqs53yoVCEjS5sEpvQ5YRQg==",
      "dependencies": {
        "@turf/helpers": "^6.5.0",
        "@turf/invariant": "^6.5.0",
        "polygon-clipping": "^0.15.3"
      },
      "funding": {
        "url": "https://opencollective.com/turf"
      }
    },
    "node_modules/@turf/invariant": {
      "version": "6.5.0",
      "resolved": "https://registry.npmjs.org/@turf/invariant/-/invariant-6.5.0.tgz",
      "integrity": "sha512-Wv8PRNCtPD31UVbdJE/KVAWKe7l6US+lJItRR/HOEW3eh+U/JwRCSUl/KZ7bmjM/C+zLNoreM2TU6OoLACs4eg==",
      "dependencies": {
        "@turf/helpers": "^6.5.0"
      },
      "funding": {
        "url": "https://opencollective.com/turf"
      }
    },
    "node_modules/polygon-clipping": {
      "version": "0.15.3",
      "resolved": "https://registry.npmjs.org/polygon-clipping/-/polygon-clipping-0.15.3.tgz",
      "integrity": "sha512-ho0Xx5DLkgxRx/+n4O74XyJ67DcyN3Tu9bGYKsnTukGAW6ssnuak6Mwcyb1wHy9MZc9xsUWqIoiazkZB5weECg==",
      "dependencies": {
        "splaytree": "^3.1.0"
      }
    },
    "node_modules/splaytree": {
      "version": "3.1.1",
      "resolved": "https://registry.npmjs.org/splaytree/-/splaytree-3.1.1.tgz",
      "integrity": "sha512-9FaQ18FF0+sZc/ieEeXHt+Jw2eSpUgUtTLDYB/HXKWvhYVyOc7h1hzkn5MMO3GPib9MmXG1go8+OsBBzs/NMww=="
    }
  },
  "dependencies": {
    "@turf/helpers": {
      "version": "6.5.0",
      "resolved": "https://registry.npmjs.org/@turf/helpers/-/helpers-6.5.0.tgz",
      "integrity": "sha512-VbI1dV5bLFzohYYdgqwikdMVpe7pJ9X3E+dlr425wa2/sMJqYDhTO++ec38/pcPvPE6oD9WEEeU3Xu3gza+VPw=="
    },
    "@turf/intersect": {
      "version": "6.5.0",
      "resolved": "https://registry.npmjs.org/@turf/intersect/-/intersect-6.5.0.tgz",
      "integrity": "sha512-2legGJeKrfFkzntcd4GouPugoqPUjexPZnOvfez+3SfIMrHvulw8qV8u7pfVyn2Yqs53yoVCEjS5sEpvQ5YRQg==",
      "requires": {
        "@turf/helpers": "^6.5.0",
        "@turf/invariant": "^6.5.0",
        "polygon-clipping": "^0.15.3"
      }
    },
    "@turf/invariant": {
      "version": "6.5.0",
      "resolved": "https://registry.npmjs.org/@turf/invariant/-/invariant-6.5.0.tgz",
      "integrity": "sha512-Wv8PRNCtPD31UVbdJE/KVAWKe7l6US+lJItRR/HOEW3eh+U/JwRCSUl/KZ7bmjM/C+zLNoreM2TU6OoLACs4eg==",
      "requires": {
        "@turf/helpers": "^6.5.0"
      }
    },
    "polygon-clipping": {
      "version": "0.15.3",
      "resolved": "https://registry.npmjs.org/polygon-clipping/-/polygon-clipping-0.15.3.tgz",
      "integrity": "sha512-ho0Xx5DLkgxRx/+n4O74XyJ67DcyN3Tu9bGYKsnTukGAW6ssnuak6Mwcyb1wHy9MZc9xsUWqIoiazkZB5weECg==",
      "requires": {
        "splaytree": "^3.1.0"
      }
    },
    "splaytree": {
      "version": "3.1.1",
      "resolved": "https://registry.npmjs.org/splaytree/-/splaytree-3.1.1.tgz",
      "integrity": "sha512-9FaQ18FF0+sZc/ieEeXHt+Jw2eSpUgUtTLDYB/HXKWvhYVyOc7h1hzkn5MMO3GPib9MmXG1go8+OsBBzs/NMww=="
    }
  }
}
